
Microsoft Visual Studio Solution File, Format Version 12.00
# Visual Studio Version 17
VisualStudioVersion = 17.6.33513.286
MinimumVisualStudioVersion = 10.0.40219.1
Project("{FAE04EC0-301F-11D3-BF4B-00C04F79EFBC}") = "Mod13_Reflection", "Mod13_Reflection\Mod13_Reflection.csproj", "{6864C79B-F09D-4D42-BE53-6ACC48E0DE88}"
EndProject
Global
	GlobalSection(SolutionConfigurationPlatforms) = preSolution
		Debug|Any CPU = Debug|Any CPU
		Release|Any CPU = Release|Any CPU
	EndGlobalSection
	GlobalSection(ProjectConfigurationPlatforms) = postSolution
		{6864C79B-F09D-4D42-BE53-6ACC48E0DE88}.Debug|Any CPU.ActiveCfg = Debug|Any CPU
		{6864C79B-F09D-4D42-BE53-6ACC48E0DE88}.Debug|Any CPU.Build.0 = Debug|Any CPU
		{6864C79B-F09D-4D42-BE53-6ACC48E0DE88}.Release|Any CPU.ActiveCfg = Release|Any CPU
		{6864C79B-F09D-4D42-BE53-6ACC48E0DE88}.Release|Any CPU.Build.0 = Release|Any CPU
	EndGlobalSection
	GlobalSection(SolutionProperties) = preSolution
		HideSolutionNode = FALSE
	EndGlobalSection
	GlobalSection(ExtensibilityGlobals) = postSolution
		SolutionGuid = {05428119-9C1F-4BA3-9021-B88789B0E13A}
	EndGlobalSection
EndGlobal
